{
  "name": "chai-bytes-test",
  "version": "0.0.0",
  "lockfileVersion": 2,
  "requires": true,
  "packages": {
    "": {
      "name": "chai-bytes-test",
      "version": "0.0.0",
      "license": "Apache-2.0",
      "dependencies": {
        "chai": "^4.4.1",
        "chai-bytes": "file:..",
        "chai5": "npm:chai@^5.0.3"
      },
      "devDependencies": {
        "@types/chai": "^4.3.11",
        "typescript": "^5.3.3"
      }
    },
    "..": {
      "version": "0.1.2",
      "license": "Apache-2.0",
      "devDependencies": {
        "@rollup/plugin-commonjs": "^25.0.7",
        "@types/chai": "^4.3.1",
        "@web/dev-server-rollup": "^0.6.1",
        "@web/test-runner": "^0.18.0",
        "chai": "^5.0.0",
        "coveralls": "^3.1.1",
        "mocha": "^10.0.0",
        "semistandard": "^17.0.0",
        "typescript": "^5.1.3"
      },
      "engines": {
        "node": ">=16"
      },
      "peerDependencies": {
        "chai": ">=4 <6"
      }
    },
    "node_modules/@types/chai": {
      "version": "4.3.11",
      "resolved": "https://registry.npmjs.org/@types/chai/-/chai-4.3.11.tgz",
      "integrity": "sha512-qQR1dr2rGIHYlJulmr8Ioq3De0Le9E4MJ5AiaeAETJJpndT1uUNHsGFK3L/UIu+rbkQSdj8J/w2bCsBZc/Y5fQ==",
      "dev": true
    },
    "node_modules/assertion-error": {
      "version": "1.1.0",
      "resolved": "https://registry.npmjs.org/assertion-error/-/assertion-error-1.1.0.tgz",
      "integrity": "sha512-jgsaNduz+ndvGyFt3uSuWqvy4lCnIJiovtouQN5JZHOKCS2QuhEdbcQHFhVksz2N2U9hXJo8odG7ETyWlEeuDw==",
      "engines": {
        "node": "*"
      }
    },
    "node_modules/chai": {
      "version": "4.4.1",
      "resolved": "https://registry.npmjs.org/chai/-/chai-4.4.1.tgz",
      "integrity": "sha512-13sOfMv2+DWduEU+/xbun3LScLoqN17nBeTLUsmDfKdoiC1fr0n9PU4guu4AhRcOVFk/sW8LyZWHuhWtQZiF+g==",
      "dependencies": {
        "assertion-error": "^1.1.0",
        "check-error": "^1.0.3",
        "deep-eql": "^4.1.3",
        "get-func-name": "^2.0.2",
        "loupe": "^2.3.6",
        "pathval": "^1.1.1",
        "type-detect": "^4.0.8"
      },
      "engines": {
        "node": ">=4"
      }
    },
    "node_modules/chai-bytes": {
      "resolved": "..",
      "link": true
    },
    "node_modules/chai5": {
      "name": "chai",
      "version": "5.0.3",
      "resolved": "https://registry.npmjs.org/chai/-/chai-5.0.3.tgz",
      "integrity": "sha512-wKGCtYv2kVY5WEjKqQ3fSIZWtTFveZCtzinhTZbx3/trVkxefiwovhpU9kRVCwxvKKCEjTWXPdM1/T7zPoDgow==",
      "dependencies": {
        "assertion-error": "^2.0.1",
        "check-error": "^2.0.0",
        "deep-eql": "^5.0.1",
        "loupe": "^3.1.0",
        "pathval": "^2.0.0"
      },
      "engines": {
        "node": ">=12"
      }
    },
    "node_modules/chai5/node_modules/assertion-error": {
      "version": "2.0.1",
      "resolved": "https://registry.npmjs.org/assertion-error/-/assertion-error-2.0.1.tgz",
      "integrity": "sha512-Izi8RQcffqCeNVgFigKli1ssklIbpHnCYc6AknXGYoB6grJqyeby7jv12JUQgmTAnIDnbck1uxksT4dzN3PWBA==",
      "engines": {
        "node": ">=12"
      }
    },
    "node_modules/chai5/node_modules/check-error": {
      "version": "2.0.0",
      "resolved": "https://registry.npmjs.org/check-error/-/check-error-2.0.0.tgz",
      "integrity": "sha512-tjLAOBHKVxtPoHe/SA7kNOMvhCRdCJ3vETdeY0RuAc9popf+hyaSV6ZEg9hr4cpWF7jmo/JSWEnLDrnijS9Tog==",
      "engines": {
        "node": ">= 16"
      }
    },
    "node_modules/chai5/node_modules/deep-eql": {
      "version": "5.0.1",
      "resolved": "https://registry.npmjs.org/deep-eql/-/deep-eql-5.0.1.tgz",
      "integrity": "sha512-nwQCf6ne2gez3o1MxWifqkciwt0zhl0LO1/UwVu4uMBuPmflWM4oQ70XMqHqnBJA+nhzncaqL9HVL6KkHJ28lw==",
      "engines": {
        "node": ">=6"
      }
    },
    "node_modules/chai5/node_modules/loupe": {
      "version": "3.1.0",
      "resolved": "https://registry.npmjs.org/loupe/-/loupe-3.1.0.tgz",
      "integrity": "sha512-qKl+FrLXUhFuHUoDJG7f8P8gEMHq9NFS0c6ghXG1J0rldmZFQZoNVv/vyirE9qwCIhWZDsvEFd1sbFu3GvRQFg==",
      "dependencies": {
        "get-func-name": "^2.0.1"
      }
    },
    "node_modules/chai5/node_modules/pathval": {
      "version": "2.0.0",
      "resolved": "https://registry.npmjs.org/pathval/-/pathval-2.0.0.tgz",
      "integrity": "sha512-vE7JKRyES09KiunauX7nd2Q9/L7lhok4smP9RZTDeD4MVs72Dp2qNFVz39Nz5a0FVEW0BJR6C0DYrq6unoziZA==",
      "engines": {
        "node": ">= 14.16"
      }
    },
    "node_modules/check-error": {
      "version": "1.0.3",
      "resolved": "https://registry.npmjs.org/check-error/-/check-error-1.0.3.tgz",
      "integrity": "sha512-iKEoDYaRmd1mxM90a2OEfWhjsjPpYPuQ+lMYsoxB126+t8fw7ySEO48nmDg5COTjxDI65/Y2OWpeEHk3ZOe8zg==",
      "dependencies": {
        "get-func-name": "^2.0.2"
      },
      "engines": {
        "node": "*"
      }
    },
    "node_modules/deep-eql": {
      "version": "4.1.3",
      "resolved": "https://registry.npmjs.org/deep-eql/-/deep-eql-4.1.3.tgz",
      "integrity": "sha512-WaEtAOpRA1MQ0eohqZjpGD8zdI0Ovsm8mmFhaDN8dvDZzyoUMcYDnf5Y6iu7HTXxf8JDS23qWa4a+hKCDyOPzw==",
      "dependencies": {
        "type-detect": "^4.0.0"
      },
      "engines": {
        "node": ">=6"
      }
    },
    "node_modules/get-func-name": {
      "version": "2.0.2",
      "resolved": "https://registry.npmjs.org/get-func-name/-/get-func-name-2.0.2.tgz",
      "integrity": "sha512-8vXOvuE167CtIc3OyItco7N/dpRtBbYOsPsXCz7X/PMnlGjYjSGuZJgM1Y7mmew7BKf9BqvLX2tnOVy1BBUsxQ==",
      "engines": {
        "node": "*"
      }
    },
    "node_modules/loupe": {
      "version": "2.3.7",
      "resolved": "https://registry.npmjs.org/loupe/-/loupe-2.3.7.tgz",
      "integrity": "sha512-zSMINGVYkdpYSOBmLi0D1Uo7JU9nVdQKrHxC8eYlV+9YKK9WePqAlL7lSlorG/U2Fw1w0hTBmaa/jrQ3UbPHtA==",
      "dependencies": {
        "get-func-name": "^2.0.1"
      }
    },
    "node_modules/pathval": {
      "version": "1.1.1",
      "resolved": "https://registry.npmjs.org/pathval/-/pathval-1.1.1.tgz",
      "integrity": "sha512-Dp6zGqpTdETdR63lehJYPeIOqpiNBNtc7BpWSLrOje7UaIsE5aY92r/AunQA7rsXvet3lrJ3JnZX29UPTKXyKQ==",
      "engines": {
        "node": "*"
      }
    },
    "node_modules/type-detect": {
      "version": "4.0.8",
      "resolved": "https://registry.npmjs.org/type-detect/-/type-detect-4.0.8.tgz",
      "integrity": "sha512-0fr/mIH1dlO+x7TlcMy+bIDqKPsw/70tVyeHW787goQjhmqaZe10uwLujubK9q9Lg6Fiho1KUKDYz0Z7k7g5/g==",
      "engines": {
        "node": ">=4"
      }
    },
    "node_modules/typescript": {
      "version": "5.3.3",
      "resolved": "https://registry.npmjs.org/typescript/-/typescript-5.3.3.tgz",
      "integrity": "sha512-pXWcraxM0uxAS+tN0AG/BF2TyqmHO014Z070UsJ+pFvYuRSq8KH8DmWpnbXe0pEPDHXZV3FcAbJkijJ5oNEnWw==",
      "dev": true,
      "bin": {
        "tsc": "bin/tsc",
        "tsserver": "bin/tsserver"
      },
      "engines": {
        "node": ">=14.17"
      }
    }
  },
  "dependencies": {
    "@types/chai": {
      "version": "4.3.11",
      "resolved": "https://registry.npmjs.org/@types/chai/-/chai-4.3.11.tgz",
      "integrity": "sha512-qQR1dr2rGIHYlJulmr8Ioq3De0Le9E4MJ5AiaeAETJJpndT1uUNHsGFK3L/UIu+rbkQSdj8J/w2bCsBZc/Y5fQ==",
      "dev": true
    },
    "assertion-error": {
      "version": "1.1.0",
      "resolved": "https://registry.npmjs.org/assertion-error/-/assertion-error-1.1.0.tgz",
      "integrity": "sha512-jgsaNduz+ndvGyFt3uSuWqvy4lCnIJiovtouQN5JZHOKCS2QuhEdbcQHFhVksz2N2U9hXJo8odG7ETyWlEeuDw=="
    },
    "chai": {
      "version": "4.4.1",
      "resolved": "https://registry.npmjs.org/chai/-/chai-4.4.1.tgz",
      "integrity": "sha512-13sOfMv2+DWduEU+/xbun3LScLoqN17nBeTLUsmDfKdoiC1fr0n9PU4guu4AhRcOVFk/sW8LyZWHuhWtQZiF+g==",
      "requires": {
        "assertion-error": "^1.1.0",
        "check-error": "^1.0.3",
        "deep-eql": "^4.1.3",
        "get-func-name": "^2.0.2",
        "loupe": "^2.3.6",
        "pathval": "^1.1.1",
        "type-detect": "^4.0.8"
      }
    },
    "chai-bytes": {
      "version": "file:..",
      "requires": {
        "@rollup/plugin-commonjs": "^25.0.7",
        "@types/chai": "^4.3.1",
        "@web/dev-server-rollup": "^0.6.1",
        "@web/test-runner": "^0.18.0",
        "chai": "^5.0.0",
        "coveralls": "^3.1.1",
        "mocha": "^10.0.0",
        "semistandard": "^17.0.0",
        "typescript": "^5.1.3"
      }
    },
    "chai5": {
      "version": "npm:chai@5.0.3",
      "resolved": "https://registry.npmjs.org/chai/-/chai-5.0.3.tgz",
      "integrity": "sha512-wKGCtYv2kVY5WEjKqQ3fSIZWtTFveZCtzinhTZbx3/trVkxefiwovhpU9kRVCwxvKKCEjTWXPdM1/T7zPoDgow==",
      "requires": {
        "assertion-error": "^2.0.1",
        "check-error": "^2.0.0",
        "deep-eql": "^5.0.1",
        "loupe": "^3.1.0",
        "pathval": "^2.0.0"
      },
      "dependencies": {
        "assertion-error": {
          "version": "2.0.1",
          "resolved": "https://registry.npmjs.org/assertion-error/-/assertion-error-2.0.1.tgz",
          "integrity": "sha512-Izi8RQcffqCeNVgFigKli1ssklIbpHnCYc6AknXGYoB6grJqyeby7jv12JUQgmTAnIDnbck1uxksT4dzN3PWBA=="
        },
        "check-error": {
          "version": "2.0.0",
          "resolved": "https://registry.npmjs.org/check-error/-/check-error-2.0.0.tgz",
          "integrity": "sha512-tjLAOBHKVxtPoHe/SA7kNOMvhCRdCJ3vETdeY0RuAc9popf+hyaSV6ZEg9hr4cpWF7jmo/JSWEnLDrnijS9Tog=="
        },
        "deep-eql": {
          "version": "5.0.1",
          "resolved": "https://registry.npmjs.org/deep-eql/-/deep-eql-5.0.1.tgz",
          "integrity": "sha512-nwQCf6ne2gez3o1MxWifqkciwt0zhl0LO1/UwVu4uMBuPmflWM4oQ70XMqHqnBJA+nhzncaqL9HVL6KkHJ28lw=="
        },
        "loupe": {
          "version": "3.1.0",
          "resolved": "https://registry.npmjs.org/loupe/-/loupe-3.1.0.tgz",
          "integrity": "sha512-qKl+FrLXUhFuHUoDJG7f8P8gEMHq9NFS0c6ghXG1J0rldmZFQZoNVv/vyirE9qwCIhWZDsvEFd1sbFu3GvRQFg==",
          "requires": {
            "get-func-name": "^2.0.1"
          }
        },
        "pathval": {
          "version": "2.0.0",
          "resolved": "https://registry.npmjs.org/pathval/-/pathval-2.0.0.tgz",
          "integrity": "sha512-vE7JKRyES09KiunauX7nd2Q9/L7lhok4smP9RZTDeD4MVs72Dp2qNFVz39Nz5a0FVEW0BJR6C0DYrq6unoziZA=="
        }
      }
    },
    "check-error": {
      "version": "1.0.3",
      "resolved": "https://registry.npmjs.org/check-error/-/check-error-1.0.3.tgz",
      "integrity": "sha512-iKEoDYaRmd1mxM90a2OEfWhjsjPpYPuQ+lMYsoxB126+t8fw7ySEO48nmDg5COTjxDI65/Y2OWpeEHk3ZOe8zg==",
      "requires": {
        "get-func-name": "^2.0.2"
      }
    },
    "deep-eql": {
      "version": "4.1.3",
      "resolved": "https://registry.npmjs.org/deep-eql/-/deep-eql-4.1.3.tgz",
      "integrity": "sha512-WaEtAOpRA1MQ0eohqZjpGD8zdI0Ovsm8mmFhaDN8dvDZzyoUMcYDnf5Y6iu7HTXxf8JDS23qWa4a+hKCDyOPzw==",
      "requires": {
        "type-detect": "^4.0.0"
      }
    },
    "get-func-name": {
      "version": "2.0.2",
      "resolved": "https://registry.npmjs.org/get-func-name/-/get-func-name-2.0.2.tgz",
      "integrity": "sha512-8vXOvuE167CtIc3OyItco7N/dpRtBbYOsPsXCz7X/PMnlGjYjSGuZJgM1Y7mmew7BKf9BqvLX2tnOVy1BBUsxQ=="
    },
    "loupe": {
      "version": "2.3.7",
      "resolved": "https://registry.npmjs.org/loupe/-/loupe-2.3.7.tgz",
      "integrity": "sha512-zSMINGVYkdpYSOBmLi0D1Uo7JU9nVdQKrHxC8eYlV+9YKK9WePqAlL7lSlorG/U2Fw1w0hTBmaa/jrQ3UbPHtA==",
      "requires": {
        "get-func-name": "^2.0.1"
      }
    },
    "pathval": {
      "version": "1.1.1",
      "resolved": "https://registry.npmjs.org/pathval/-/pathval-1.1.1.tgz",
      "integrity": "sha512-Dp6zGqpTdETdR63lehJYPeIOqpiNBNtc7BpWSLrOje7UaIsE5aY92r/AunQA7rsXvet3lrJ3JnZX29UPTKXyKQ=="
    },
    "type-detect": {
      "version": "4.0.8",
      "resolved": "https://registry.npmjs.org/type-detect/-/type-detect-4.0.8.tgz",
      "integrity": "sha512-0fr/mIH1dlO+x7TlcMy+bIDqKPsw/70tVyeHW787goQjhmqaZe10uwLujubK9q9Lg6Fiho1KUKDYz0Z7k7g5/g=="
    },
    "typescript": {
      "version": "5.3.3",
      "resolved": "https://registry.npmjs.org/typescript/-/typescript-5.3.3.tgz",
      "integrity": "sha512-pXWcraxM0uxAS+tN0AG/BF2TyqmHO014Z070UsJ+pFvYuRSq8KH8DmWpnbXe0pEPDHXZV3FcAbJkijJ5oNEnWw==",
      "dev": true
    }
  }
}
